
Microsoft Visual Studio Solution File, Format Version 12.00
# Visual Studio 15
VisualStudioVersion = 15.0.28307.421
MinimumVisualStudioVersion = 10.0.40219.1
Project("{FAE04EC0-301F-11D3-BF4B-00C04F79EFBC}") = "WebApplication2", "WebApplication2\WebApplication2.csproj", "{20061D94-63EE-4F5F-B830-EAD98483998C}"
EndProject
Global
	GlobalSection(SolutionConfigurationPlatforms) = preSolution
		Debug|Any CPU = Debug|Any CPU
		Release|Any CPU = Release|Any CPU
	EndGlobalSection
	GlobalSection(ProjectConfigurationPlatforms) = postSolution
		{20061D94-63EE-4F5F-B830-EAD98483998C}.Debug|Any CPU.ActiveCfg = Debug|Any CPU
		{20061D94-63EE-4F5F-B830-EAD98483998C}.Debug|Any CPU.Build.0 = Debug|Any CPU
		{20061D94-63EE-4F5F-B830-EAD98483998C}.Release|Any CPU.ActiveCfg = Release|Any CPU
		{20061D94-63EE-4F5F-B830-EAD98483998C}.Release|Any CPU.Build.0 = Release|Any CPU
	EndGlobalSection
	GlobalSection(SolutionProperties) = preSolution
		HideSolutionNode = FALSE
	EndGlobalSection
	GlobalSection(ExtensibilityGlobals) = postSolution
		SolutionGuid = {ECC72021-CF5E-4A3E-99EF-0D841F60A98A}
	EndGlobalSection
EndGlobal
