
Microsoft Visual Studio Solution File, Format Version 12.00
# Visual Studio 15
VisualStudioVersion = 15.0.28307.421
MinimumVisualStudioVersion = 10.0.40219.1
Project("{FAE04EC0-301F-11D3-BF4B-00C04F79EFBC}") = "Text", "Text\Text.csproj", "{FA034A35-946D-4FA0-B1BD-672712038359}"
EndProject
Global
	GlobalSection(SolutionConfigurationPlatforms) = preSolution
		Debug|Any CPU = Debug|Any CPU
		Release|Any CPU = Release|Any CPU
	EndGlobalSection
	GlobalSection(ProjectConfigurationPlatforms) = postSolution
		{FA034A35-946D-4FA0-B1BD-672712038359}.Debug|Any CPU.ActiveCfg = Debug|Any CPU
		{FA034A35-946D-4FA0-B1BD-672712038359}.Debug|Any CPU.Build.0 = Debug|Any CPU
		{FA034A35-946D-4FA0-B1BD-672712038359}.Release|Any CPU.ActiveCfg = Release|Any CPU
		{FA034A35-946D-4FA0-B1BD-672712038359}.Release|Any CPU.Build.0 = Release|Any CPU
	EndGlobalSection
	GlobalSection(SolutionProperties) = preSolution
		HideSolutionNode = FALSE
	EndGlobalSection
	GlobalSection(ExtensibilityGlobals) = postSolution
		SolutionGuid = {BA4681D1-479B-413C-BD52-1379E085805E}
	EndGlobalSection
EndGlobal
